# THIS IS AN AUTOGENERATED FILE. DO NOT EDIT THIS FILE DIRECTLY.
# yarn lockfile v1


antlr4@^4.7.0:
  version "4.7.0"
  resolved "http://registry.npm.taobao.org/antlr4/download/antlr4-4.7.0.tgz#297f956ddc06f83397fc0990ecf2e0cf20bfbbee"

commander@^2.11.0:
  version "2.11.0"
  resolved "http://registry.npm.taobao.org/commander/download/commander-2.11.0.tgz#157152fd1e7a6c8d98a5b715cf376df928004563"
